// !$*UTF8*$!
{
	archiveVersion = 1;
	classes = {
	};
	objectVersion = 56;
	objects = {

/* Begin PBXBuildFile section */
		A138CA152AF595E4007DE41E /* LandmarksApp.swift in Sources */ = {isa = PBXBuildFile; fileRef = A138CA142AF595E4007DE41E /* LandmarksApp.swift */; };
		A138CA172AF595E4007DE41E /* ContentView.swift in Sources */ = {isa = PBXBuildFile; fileRef = A138CA162AF595E4007DE41E /* ContentView.swift */; };
		A138CA192AF595E4007DE41E /* Item.swift in Sources */ = {isa = PBXBuildFile; fileRef = A138CA182AF595E4007DE41E /* Item.swift */; };
		A138CA1B2AF595F2007DE41E /* Assets.xcassets in Resources */ = {isa = PBXBuildFile; fileRef = A138CA1A2AF595F2007DE41E /* Assets.xcassets */; };
		A138CA1F2AF595F2007DE41E /* Preview Assets.xcassets in Resources */ = {isa = PBXBuildFile; fileRef = A138CA1E2AF595F2007DE41E /* Preview Assets.xcassets */; };
		A19FA3702AF59E4600E98C90 /* CircleImage.swift in Sources */ = {isa = PBXBuildFile; fileRef = A19FA36F2AF59E4600E98C90 /* CircleImage.swift */; };
		A19FA3722AF59F3C00E98C90 /* MapView.swift in Sources */ = {isa = PBXBuildFile; fileRef = A19FA3712AF59F3C00E98C90 /* MapView.swift */; };
		A19FA3742AF6D62C00E98C90 /* landmarkData.json in Resources */ = {isa = PBXBuildFile; fileRef = A19FA3732AF6D62C00E98C90 /* landmarkData.json */; };
		A19FA3762AF6D64F00E98C90 /* Landmark.swift in Sources */ = {isa = PBXBuildFile; fileRef = A19FA3752AF6D64F00E98C90 /* Landmark.swift */; };
		A19FA3782AF6DA6100E98C90 /* ModelData.swift in Sources */ = {isa = PBXBuildFile; fileRef = A19FA3772AF6DA6100E98C90 /* ModelData.swift */; };
		A19FA37D2AF6DDCC00E98C90 /* LandmarkRow.swift in Sources */ = {isa = PBXBuildFile; fileRef = A19FA37C2AF6DDCC00E98C90 /* LandmarkRow.swift */; };
		A19FA37F2AF6E02000E98C90 /* LandmarkList.swift in Sources */ = {isa = PBXBuildFile; fileRef = A19FA37E2AF6E02000E98C90 /* LandmarkList.swift */; };
		A19FA3812AF6E20C00E98C90 /* LandmarkDetail.swift in Sources */ = {isa = PBXBuildFile; fileRef = A19FA3802AF6E20C00E98C90 /* LandmarkDetail.swift */; };
		A19FA3832AF83D9100E98C90 /* FavoriteButton.swift in Sources */ = {isa = PBXBuildFile; fileRef = A19FA3822AF83D9100E98C90 /* FavoriteButton.swift */; };
/* End PBXBuildFile section */

/* Begin PBXFileReference section */
		A138CA112AF595E4007DE41E /* Landmarks.app */ = {isa = PBXFileReference; explicitFileType = wrapper.application; includeInIndex = 0; path = Landmarks.app; sourceTree = BUILT_PRODUCTS_DIR; };
		A138CA142AF595E4007DE41E /* LandmarksApp.swift */ = {isa = PBXFileReference; lastKnownFileType = sourcecode.swift; path = LandmarksApp.swift; sourceTree = "<group>"; };
		A138CA162AF595E4007DE41E /* ContentView.swift */ = {isa = PBXFileReference; lastKnownFileType = sourcecode.swift; path = ContentView.swift; sourceTree = "<group>"; };
		A138CA182AF595E4007DE41E /* Item.swift */ = {isa = PBXFileReference; lastKnownFileType = sourcecode.swift; path = Item.swift; sourceTree = "<group>"; };
		A138CA1A2AF595F2007DE41E /* Assets.xcassets */ = {isa = PBXFileReference; lastKnownFileType = folder.assetcatalog; path = Assets.xcassets; sourceTree = "<group>"; };
		A138CA1C2AF595F2007DE41E /* Landmarks.entitlements */ = {isa = PBXFileReference; lastKnownFileType = text.plist.entitlements; path = Landmarks.entitlements; sourceTree = "<group>"; };
		A138CA1E2AF595F2007DE41E /* Preview Assets.xcassets */ = {isa = PBXFileReference; lastKnownFileType = folder.assetcatalog; path = "Preview Assets.xcassets"; sourceTree = "<group>"; };
		A19FA36F2AF59E4600E98C90 /* CircleImage.swift */ = {isa = PBXFileReference; lastKnownFileType = sourcecode.swift; path = CircleImage.swift; sourceTree = "<group>"; };
		A19FA3712AF59F3C00E98C90 /* MapView.swift */ = {isa = PBXFileReference; lastKnownFileType = sourcecode.swift; path = MapView.swift; sourceTree = "<group>"; };
		A19FA3732AF6D62C00E98C90 /* landmarkData.json */ = {isa = PBXFileReference; fileEncoding = 4; lastKnownFileType = text.json; path = landmarkData.json; sourceTree = "<group>"; };
		A19FA3752AF6D64F00E98C90 /* Landmark.swift */ = {isa = PBXFileReference; lastKnownFileType = sourcecode.swift; path = Landmark.swift; sourceTree = "<group>"; };
		A19FA3772AF6DA6100E98C90 /* ModelData.swift */ = {isa = PBXFileReference; lastKnownFileType = sourcecode.swift; path = ModelData.swift; sourceTree = "<group>"; };
		A19FA37C2AF6DDCC00E98C90 /* LandmarkRow.swift */ = {isa = PBXFileReference; lastKnownFileType = sourcecode.swift; path = LandmarkRow.swift; sourceTree = "<group>"; };
		A19FA37E2AF6E02000E98C90 /* LandmarkList.swift */ = {isa = PBXFileReference; lastKnownFileType = sourcecode.swift; path = LandmarkList.swift; sourceTree = "<group>"; };
		A19FA3802AF6E20C00E98C90 /* LandmarkDetail.swift */ = {isa = PBXFileReference; lastKnownFileType = sourcecode.swift; path = LandmarkDetail.swift; sourceTree = "<group>"; };
		A19FA3822AF83D9100E98C90 /* FavoriteButton.swift */ = {isa = PBXFileReference; lastKnownFileType = sourcecode.swift; path = FavoriteButton.swift; sourceTree = "<group>"; };
/* End PBXFileReference section */

/* Begin PBXFrameworksBuildPhase section */
		A138CA0E2AF595E3007DE41E /* Frameworks */ = {
			isa = PBXFrameworksBuildPhase;
			buildActionMask = 2147483647;
			files = (
			);
			runOnlyForDeploymentPostprocessing = 0;
		};
/* End PBXFrameworksBuildPhase section */

/* Begin PBXGroup section */
		A138CA082AF595E3007DE41E = {
			isa = PBXGroup;
			children = (
				A138CA132AF595E4007DE41E /* Landmarks */,
				A138CA122AF595E4007DE41E /* Products */,
			);
			sourceTree = "<group>";
		};
		A138CA122AF595E4007DE41E /* Products */ = {
			isa = PBXGroup;
			children = (
				A138CA112AF595E4007DE41E /* Landmarks.app */,
			);
			name = Products;
			sourceTree = "<group>";
		};
		A138CA132AF595E4007DE41E /* Landmarks */ = {
			isa = PBXGroup;
			children = (
				A138CA142AF595E4007DE41E /* LandmarksApp.swift */,
				A19FA3792AF6DD2700E98C90 /* Views */,
				A19FA37A2AF6DD4100E98C90 /* Model */,
				A138CA182AF595E4007DE41E /* Item.swift */,
				A19FA37B2AF6DD5A00E98C90 /* Ressources */,
				A138CA1A2AF595F2007DE41E /* Assets.xcassets */,
				A138CA1C2AF595F2007DE41E /* Landmarks.entitlements */,
				A138CA1D2AF595F2007DE41E /* Preview Content */,
			);
			path = Landmarks;
			sourceTree = "<group>";
		};
		A138CA1D2AF595F2007DE41E /* Preview Content */ = {
			isa = PBXGroup;
			children = (
				A138CA1E2AF595F2007DE41E /* Preview Assets.xcassets */,
			);
			path = "Preview Content";
			sourceTree = "<group>";
		};
		A19FA3792AF6DD2700E98C90 /* Views */ = {
			isa = PBXGroup;
			children = (
				A138CA162AF595E4007DE41E /* ContentView.swift */,
				A19FA3842AF83ED900E98C90 /* Landmarks */,
				A19FA3852AF83EEE00E98C90 /* Helper */,
			);
			path = Views;
			sourceTree = "<group>";
		};
		A19FA37A2AF6DD4100E98C90 /* Model */ = {
			isa = PBXGroup;
			children = (
				A19FA3752AF6D64F00E98C90 /* Landmark.swift */,
				A19FA3772AF6DA6100E98C90 /* ModelData.swift */,
			);
			path = Model;
			sourceTree = "<group>";
		};
		A19FA37B2AF6DD5A00E98C90 /* Ressources */ = {
			isa = PBXGroup;
			children = (
				A19FA3732AF6D62C00E98C90 /* landmarkData.json */,
			);
			path = Ressources;
			sourceTree = "<group>";
		};
		A19FA3842AF83ED900E98C90 /* Landmarks */ = {
			isa = PBXGroup;
			children = (
				A19FA37C2AF6DDCC00E98C90 /* LandmarkRow.swift */,
				A19FA37E2AF6E02000E98C90 /* LandmarkList.swift */,
				A19FA3802AF6E20C00E98C90 /* LandmarkDetail.swift */,
			);
			path = Landmarks;
			sourceTree = "<group>";
		};
		A19FA3852AF83EEE00E98C90 /* Helper */ = {
			isa = PBXGroup;
			children = (
				A19FA36F2AF59E4600E98C90 /* CircleImage.swift */,
				A19FA3712AF59F3C00E98C90 /* MapView.swift */,
				A19FA3822AF83D9100E98C90 /* FavoriteButton.swift */,
			);
			path = Helper;
			sourceTree = "<group>";
		};
/* End PBXGroup section */

/* Begin PBXNativeTarget section */
		A138CA102AF595E3007DE41E /* Landmarks */ = {
			isa = PBXNativeTarget;
			buildConfigurationList = A138CA222AF595F2007DE41E /* Build configuration list for PBXNativeTarget "Landmarks" */;
			buildPhases = (
				A138CA0D2AF595E3007DE41E /* Sources */,
				A138CA0E2AF595E3007DE41E /* Frameworks */,
				A138CA0F2AF595E3007DE41E /* Resources */,
			);
			buildRules = (
			);
			dependencies = (
			);
			name = Landmarks;
			productName = Landmarks;
			productReference = A138CA112AF595E4007DE41E /* Landmarks.app */;
			productType = "com.apple.product-type.application";
		};
/* End PBXNativeTarget section */

/* Begin PBXProject section */
		A138CA092AF595E3007DE41E /* Project object */ = {
			isa = PBXProject;
			attributes = {
				BuildIndependentTargetsInParallel = 1;
				LastSwiftUpdateCheck = 1500;
				LastUpgradeCheck = 1500;
				TargetAttributes = {
					A138CA102AF595E3007DE41E = {
						CreatedOnToolsVersion = 15.0.1;
					};
				};
			};
			buildConfigurationList = A138CA0C2AF595E3007DE41E /* Build configuration list for PBXProject "Landmarks" */;
			compatibilityVersion = "Xcode 14.0";
			developmentRegion = en;
			hasScannedForEncodings = 0;
			knownRegions = (
				en,
				Base,
			);
			mainGroup = A138CA082AF595E3007DE41E;
			productRefGroup = A138CA122AF595E4007DE41E /* Products */;
			projectDirPath = "";
			projectRoot = "";
			targets = (
				A138CA102AF595E3007DE41E /* Landmarks */,
			);
		};
/* End PBXProject section */

/* Begin PBXResourcesBuildPhase section */
		A138CA0F2AF595E3007DE41E /* Resources */ = {
			isa = PBXResourcesBuildPhase;
			buildActionMask = 2147483647;
			files = (
				A138CA1F2AF595F2007DE41E /* Preview Assets.xcassets in Resources */,
				A138CA1B2AF595F2007DE41E /* Assets.xcassets in Resources */,
				A19FA3742AF6D62C00E98C90 /* landmarkData.json in Resources */,
			);
			runOnlyForDeploymentPostprocessing = 0;
		};
/* End PBXResourcesBuildPhase section */

/* Begin PBXSourcesBuildPhase section */
		A138CA0D2AF595E3007DE41E /* Sources */ = {
			isa = PBXSourcesBuildPhase;
			buildActionMask = 2147483647;
			files = (
				A138CA172AF595E4007DE41E /* ContentView.swift in Sources */,
				A19FA3702AF59E4600E98C90 /* CircleImage.swift in Sources */,
				A19FA3722AF59F3C00E98C90 /* MapView.swift in Sources */,
				A138CA192AF595E4007DE41E /* Item.swift in Sources */,
				A19FA37F2AF6E02000E98C90 /* LandmarkList.swift in Sources */,
				A138CA152AF595E4007DE41E /* LandmarksApp.swift in Sources */,
				A19FA3762AF6D64F00E98C90 /* Landmark.swift in Sources */,
				A19FA37D2AF6DDCC00E98C90 /* LandmarkRow.swift in Sources */,
				A19FA3812AF6E20C00E98C90 /* LandmarkDetail.swift in Sources */,
				A19FA3832AF83D9100E98C90 /* FavoriteButton.swift in Sources */,
				A19FA3782AF6DA6100E98C90 /* ModelData.swift in Sources */,
			);
			runOnlyForDeploymentPostprocessing = 0;
		};
/* End PBXSourcesBuildPhase section */

/* Begin XCBuildConfiguration section */
		A138CA202AF595F2007DE41E /* Debug */ = {
			isa = XCBuildConfiguration;
			buildSettings = {
				ALWAYS_SEARCH_USER_PATHS = NO;
				ASSETCATALOG_COMPILER_GENERATE_SWIFT_ASSET_SYMBOL_EXTENSIONS = YES;
				CLANG_ANALYZER_NONNULL = YES;
				CLANG_ANALYZER_NUMBER_OBJECT_CONVERSION = YES_AGGRESSIVE;
				CLANG_CXX_LANGUAGE_STANDARD = "gnu++20";
				CLANG_ENABLE_MODULES = YES;
				CLANG_ENABLE_OBJC_ARC = YES;
				CLANG_ENABLE_OBJC_WEAK = YES;
				CLANG_WARN_BLOCK_CAPTURE_AUTORELEASING = YES;
				CLANG_WARN_BOOL_CONVERSION = YES;
				CLANG_WARN_COMMA = YES;
				CLANG_WARN_CONSTANT_CONVERSION = YES;
				CLANG_WARN_DEPRECATED_OBJC_IMPLEMENTATIONS = YES;
				CLANG_WARN_DIRECT_OBJC_ISA_USAGE = YES_ERROR;
				CLANG_WARN_DOCUMENTATION_COMMENTS = YES;
				CLANG_WARN_EMPTY_BODY = YES;
				CLANG_WARN_ENUM_CONVERSION = YES;
				CLANG_WARN_INFINITE_RECURSION = YES;
				CLANG_WARN_INT_CONVERSION = YES;
				CLANG_WARN_NON_LITERAL_NULL_CONVERSION = YES;
				CLANG_WARN_OBJC_IMPLICIT_RETAIN_SELF = YES;
				CLANG_WARN_OBJC_LITERAL_CONVERSION = YES;
				CLANG_WARN_OBJC_ROOT_CLASS = YES_ERROR;
				CLANG_WARN_QUOTED_INCLUDE_IN_FRAMEWORK_HEADER = YES;
				CLANG_WARN_RANGE_LOOP_ANALYSIS = YES;
				CLANG_WARN_STRICT_PROTOTYPES = YES;
				CLANG_WARN_SUSPICIOUS_MOVE = YES;
				CLANG_WARN_UNGUARDED_AVAILABILITY = YES_AGGRESSIVE;
				CLANG_WARN_UNREACHABLE_CODE = YES;
				CLANG_WARN__DUPLICATE_METHOD_MATCH = YES;
				COPY_PHASE_STRIP = NO;
				DEBUG_INFORMATION_FORMAT = dwarf;
				ENABLE_STRICT_OBJC_MSGSEND = YES;
				ENABLE_TESTABILITY = YES;
				ENABLE_USER_SCRIPT_SANDBOXING = YES;
				GCC_C_LANGUAGE_STANDARD = gnu17;
				GCC_DYNAMIC_NO_PIC = NO;
				GCC_NO_COMMON_BLOCKS = YES;
				GCC_OPTIMIZATION_LEVEL = 0;
				GCC_PREPROCESSOR_DEFINITIONS = (
					"DEBUG=1",
					"$(inherited)",
				);
				GCC_WARN_64_TO_32_BIT_CONVERSION = YES;
				GCC_WARN_ABOUT_RETURN_TYPE = YES_ERROR;
				GCC_WARN_UNDECLARED_SELECTOR = YES;
				GCC_WARN_UNINITIALIZED_AUTOS = YES_AGGRESSIVE;
				GCC_WARN_UNUSED_FUNCTION = YES;
				GCC_WARN_UNUSED_VARIABLE = YES;
				LOCALIZATION_PREFERS_STRING_CATALOGS = YES;
				MTL_ENABLE_DEBUG_INFO = INCLUDE_SOURCE;
				MTL_FAST_MATH = YES;
				ONLY_ACTIVE_ARCH = YES;
				SWIFT_ACTIVE_COMPILATION_CONDITIONS = "DEBUG $(inherited)";
				SWIFT_OPTIMIZATION_LEVEL = "-Onone";
			};
			name = Debug;
		};
		A138CA212AF595F2007DE41E /* Release */ = {
			isa = XCBuildConfiguration;
			buildSettings = {
				ALWAYS_SEARCH_USER_PATHS = NO;
				ASSETCATALOG_COMPILER_GENERATE_SWIFT_ASSET_SYMBOL_EXTENSIONS = YES;
				CLANG_ANALYZER_NONNULL = YES;
				CLANG_ANALYZER_NUMBER_OBJECT_CONVERSION = YES_AGGRESSIVE;
				CLANG_CXX_LANGUAGE_STANDARD = "gnu++20";
				CLANG_ENABLE_MODULES = YES;
				CLANG_ENABLE_OBJC_ARC = YES;
				CLANG_ENABLE_OBJC_WEAK = YES;
				CLANG_WARN_BLOCK_CAPTURE_AUTORELEASING = YES;
				CLANG_WARN_BOOL_CONVERSION = YES;
				CLANG_WARN_COMMA = YES;
				CLANG_WARN_CONSTANT_CONVERSION = YES;
				CLANG_WARN_DEPRECATED_OBJC_IMPLEMENTATIONS = YES;
				CLANG_WARN_DIRECT_OBJC_ISA_USAGE = YES_ERROR;
				CLANG_WARN_DOCUMENTATION_COMMENTS = YES;
				CLANG_WARN_EMPTY_BODY = YES;
				CLANG_WARN_ENUM_CONVERSION = YES;
				CLANG_WARN_INFINITE_RECURSION = YES;
				CLANG_WARN_INT_CONVERSION = YES;
				CLANG_WARN_NON_LITERAL_NULL_CONVERSION = YES;
				CLANG_WARN_OBJC_IMPLICIT_RETAIN_SELF = YES;
				CLANG_WARN_OBJC_LITERAL_CONVERSION = YES;
				CLANG_WARN_OBJC_ROOT_CLASS = YES_ERROR;
				CLANG_WARN_QUOTED_INCLUDE_IN_FRAMEWORK_HEADER = YES;
				CLANG_WARN_RANGE_LOOP_ANALYSIS = YES;
				CLANG_WARN_STRICT_PROTOTYPES = YES;
				CLANG_WARN_SUSPICIOUS_MOVE = YES;
				CLANG_WARN_UNGUARDED_AVAILABILITY = YES_AGGRESSIVE;
				CLANG_WARN_UNREACHABLE_CODE = YES;
				CLANG_WARN__DUPLICATE_METHOD_MATCH = YES;
				COPY_PHASE_STRIP = NO;
				DEBUG_INFORMATION_FORMAT = "dwarf-with-dsym";
				ENABLE_NS_ASSERTIONS = NO;
				ENABLE_STRICT_OBJC_MSGSEND = YES;
				ENABLE_USER_SCRIPT_SANDBOXING = YES;
				GCC_C_LANGUAGE_STANDARD = gnu17;
				GCC_NO_COMMON_BLOCKS = YES;
				GCC_WARN_64_TO_32_BIT_CONVERSION = YES;
				GCC_WARN_ABOUT_RETURN_TYPE = YES_ERROR;
				GCC_WARN_UNDECLARED_SELECTOR = YES;
				GCC_WARN_UNINITIALIZED_AUTOS = YES_AGGRESSIVE;
				GCC_WARN_UNUSED_FUNCTION = YES;
				GCC_WARN_UNUSED_VARIABLE = YES;
				LOCALIZATION_PREFERS_STRING_CATALOGS = YES;
				MTL_ENABLE_DEBUG_INFO = NO;
				MTL_FAST_MATH = YES;
				SWIFT_COMPILATION_MODE = wholemodule;
			};
			name = Release;
		};
		A138CA232AF595F2007DE41E /* Debug */ = {
			isa = XCBuildConfiguration;
			buildSettings = {
				ASSETCATALOG_COMPILER_APPICON_NAME = AppIcon;
				ASSETCATALOG_COMPILER_GLOBAL_ACCENT_COLOR_NAME = AccentColor;
				CODE_SIGN_ENTITLEMENTS = Landmarks/Landmarks.entitlements;
				CODE_SIGN_STYLE = Automatic;
				CURRENT_PROJECT_VERSION = 1;
				DEVELOPMENT_ASSET_PATHS = "\"Landmarks/Preview Content\"";
				ENABLE_PREVIEWS = YES;
				GENERATE_INFOPLIST_FILE = YES;
				"INFOPLIST_KEY_UIApplicationSceneManifest_Generation[sdk=iphoneos*]" = YES;
				"INFOPLIST_KEY_UIApplicationSceneManifest_Generation[sdk=iphonesimulator*]" = YES;
				"INFOPLIST_KEY_UIApplicationSupportsIndirectInputEvents[sdk=iphoneos*]" = YES;
				"INFOPLIST_KEY_UIApplicationSupportsIndirectInputEvents[sdk=iphonesimulator*]" = YES;
				"INFOPLIST_KEY_UILaunchScreen_Generation[sdk=iphoneos*]" = YES;
				"INFOPLIST_KEY_UILaunchScreen_Generation[sdk=iphonesimulator*]" = YES;
				"INFOPLIST_KEY_UIStatusBarStyle[sdk=iphoneos*]" = UIStatusBarStyleDefault;
				"INFOPLIST_KEY_UIStatusBarStyle[sdk=iphonesimulator*]" = UIStatusBarStyleDefault;
				INFOPLIST_KEY_UISupportedInterfaceOrientations_iPad = "UIInterfaceOrientationPortrait UIInterfaceOrientationPortraitUpsideDown UIInterfaceOrientationLandscapeLeft UIInterfaceOrientationLandscapeRight";
				INFOPLIST_KEY_UISupportedInterfaceOrientations_iPhone = "UIInterfaceOrientationPortrait UIInterfaceOrientationLandscapeLeft UIInterfaceOrientationLandscapeRight";
				IPHONEOS_DEPLOYMENT_TARGET = 17.0;
				LD_RUNPATH_SEARCH_PATHS = "@executable_path/Frameworks";
				"LD_RUNPATH_SEARCH_PATHS[sdk=macosx*]" = "@executable_path/../Frameworks";
				MACOSX_DEPLOYMENT_TARGET = 14.0;
				MARKETING_VERSION = 1.0;
				PRODUCT_BUNDLE_IDENTIFIER = "Jan-Grimm.Landmarks";
				PRODUCT_NAME = "$(TARGET_NAME)";
				SDKROOT = auto;
				SUPPORTED_PLATFORMS = "iphoneos iphonesimulator macosx";
				SWIFT_EMIT_LOC_STRINGS = YES;
				SWIFT_VERSION = 5.0;
				TARGETED_DEVICE_FAMILY = "1,2";
			};
			name = Debug;
		};
		A138CA242AF595F2007DE41E /* Release */ = {
			isa = XCBuildConfiguration;
			buildSettings = {
				ASSETCATALOG_COMPILER_APPICON_NAME = AppIcon;
				ASSETCATALOG_COMPILER_GLOBAL_ACCENT_COLOR_NAME = AccentColor;
				CODE_SIGN_ENTITLEMENTS = Landmarks/Landmarks.entitlements;
				CODE_SIGN_STYLE = Automatic;
				CURRENT_PROJECT_VERSION = 1;
				DEVELOPMENT_ASSET_PATHS = "\"Landmarks/Preview Content\"";
				ENABLE_PREVIEWS = YES;
				GENERATE_INFOPLIST_FILE = YES;
				"INFOPLIST_KEY_UIApplicationSceneManifest_Generation[sdk=iphoneos*]" = YES;
				"INFOPLIST_KEY_UIApplicationSceneManifest_Generation[sdk=iphonesimulator*]" = YES;
				"INFOPLIST_KEY_UIApplicationSupportsIndirectInputEvents[sdk=iphoneos*]" = YES;
				"INFOPLIST_KEY_UIApplicationSupportsIndirectInputEvents[sdk=iphonesimulator*]" = YES;
				"INFOPLIST_KEY_UILaunchScreen_Generation[sdk=iphoneos*]" = YES;
				"INFOPLIST_KEY_UILaunchScreen_Generation[sdk=iphonesimulator*]" = YES;
				"INFOPLIST_KEY_UIStatusBarStyle[sdk=iphoneos*]" = UIStatusBarStyleDefault;
				"INFOPLIST_KEY_UIStatusBarStyle[sdk=iphonesimulator*]" = UIStatusBarStyleDefault;
				INFOPLIST_KEY_UISupportedInterfaceOrientations_iPad = "UIInterfaceOrientationPortrait UIInterfaceOrientationPortraitUpsideDown UIInterfaceOrientationLandscapeLeft UIInterfaceOrientationLandscapeRight";
				INFOPLIST_KEY_UISupportedInterfaceOrientations_iPhone = "UIInterfaceOrientationPortrait UIInterfaceOrientationLandscapeLeft UIInterfaceOrientationLandscapeRight";
				IPHONEOS_DEPLOYMENT_TARGET = 17.0;
				LD_RUNPATH_SEARCH_PATHS = "@executable_path/Frameworks";
				"LD_RUNPATH_SEARCH_PATHS[sdk=macosx*]" = "@executable_path/../Frameworks";
				MACOSX_DEPLOYMENT_TARGET = 14.0;
				MARKETING_VERSION = 1.0;
				PRODUCT_BUNDLE_IDENTIFIER = "Jan-Grimm.Landmarks";
				PRODUCT_NAME = "$(TARGET_NAME)";
				SDKROOT = auto;
				SUPPORTED_PLATFORMS = "iphoneos iphonesimulator macosx";
				SWIFT_EMIT_LOC_STRINGS = YES;
				SWIFT_VERSION = 5.0;
				TARGETED_DEVICE_FAMILY = "1,2";
			};
			name = Release;
		};
/* End XCBuildConfiguration section */

/* Begin XCConfigurationList section */
		A138CA0C2AF595E3007DE41E /* Build configuration list for PBXProject "Landmarks" */ = {
			isa = XCConfigurationList;
			buildConfigurations = (
				A138CA202AF595F2007DE41E /* Debug */,
				A138CA212AF595F2007DE41E /* Release */,
			);
			defaultConfigurationIsVisible = 0;
			defaultConfigurationName = Release;
		};
		A138CA222AF595F2007DE41E /* Build configuration list for PBXNativeTarget "Landmarks" */ = {
			isa = XCConfigurationList;
			buildConfigurations = (
				A138CA232AF595F2007DE41E /* Debug */,
				A138CA242AF595F2007DE41E /* Release */,
			);
			defaultConfigurationIsVisible = 0;
			defaultConfigurationName = Release;
		};
/* End XCConfigurationList section */
	};
	rootObject = A138CA092AF595E3007DE41E /* Project object */;
}
